// !$*UTF8*$!
{
	archiveVersion = 1;
	classes = {
	};
	objectVersion = 46;
	objects = {

/* Begin PBXBuildFile section */
		EBE706601E885E97003263C9 /* AppDelegate.swift in Sources */ = {isa = PBXBuildFile; fileRef = EBE7065F1E885E97003263C9 /* AppDelegate.swift */; };
		EBE706621E885E97003263C9 /* ViewController.swift in Sources */ = {isa = PBXBuildFile; fileRef = EBE706611E885E97003263C9 /* ViewController.swift */; };
		EBE706651E885E97003263C9 /* Main.storyboard in Resources */ = {isa = PBXBuildFile; fileRef = EBE706631E885E97003263C9 /* Main.storyboard */; };
		EBE706671E885E97003263C9 /* Assets.xcassets in Resources */ = {isa = PBXBuildFile; fileRef = EBE706661E885E97003263C9 /* Assets.xcassets */; };
		EBE7066A1E885E97003263C9 /* LaunchScreen.storyboard in Resources */ = {isa = PBXBuildFile; fileRef = EBE706681E885E97003263C9 /* LaunchScreen.storyboard */; };
		EBE706721E885F18003263C9 /* TableViewController.swift in Sources */ = {isa = PBXBuildFile; fileRef = EBE706711E885F18003263C9 /* TableViewController.swift */; };
/* End PBXBuildFile section */

/* Begin PBXFileReference section */
		EBE7065C1E885E97003263C9 /* SplitView.app */ = {isa = PBXFileReference; explicitFileType = wrapper.application; includeInIndex = 0; path = SplitView.app; sourceTree = BUILT_PRODUCTS_DIR; };
		EBE7065F1E885E97003263C9 /* AppDelegate.swift */ = {isa = PBXFileReference; lastKnownFileType = sourcecode.swift; path = AppDelegate.swift; sourceTree = "<group>"; };
		EBE706611E885E97003263C9 /* ViewController.swift */ = {isa = PBXFileReference; lastKnownFileType = sourcecode.swift; path = ViewController.swift; sourceTree = "<group>"; };
		EBE706641E885E97003263C9 /* Base */ = {isa = PBXFileReference; lastKnownFileType = file.storyboard; name = Base; path = Base.lproj/Main.storyboard; sourceTree = "<group>"; };
		EBE706661E885E97003263C9 /* Assets.xcassets */ = {isa = PBXFileReference; lastKnownFileType = folder.assetcatalog; path = Assets.xcassets; sourceTree = "<group>"; };
		EBE706691E885E97003263C9 /* Base */ = {isa = PBXFileReference; lastKnownFileType = file.storyboard; name = Base; path = Base.lproj/LaunchScreen.storyboard; sourceTree = "<group>"; };
		EBE7066B1E885E97003263C9 /* Info.plist */ = {isa = PBXFileReference; lastKnownFileType = text.plist.xml; path = Info.plist; sourceTree = "<group>"; };
		EBE706711E885F18003263C9 /* TableViewController.swift */ = {isa = PBXFileReference; fileEncoding = 4; lastKnownFileType = sourcecode.swift; path = TableViewController.swift; sourceTree = "<group>"; };
/* End PBXFileReference section */

/* Begin PBXFrameworksBuildPhase section */
		EBE706591E885E97003263C9 /* Frameworks */ = {
			isa = PBXFrameworksBuildPhase;
			buildActionMask = 2147483647;
			files = (
			);
			runOnlyForDeploymentPostprocessing = 0;
		};
/* End PBXFrameworksBuildPhase section */

/* Begin PBXGroup section */
		EBE706531E885E97003263C9 = {
			isa = PBXGroup;
			children = (
				EBE7065E1E885E97003263C9 /* SplitView */,
				EBE7065D1E885E97003263C9 /* Products */,
			);
			sourceTree = "<group>";
		};
		EBE7065D1E885E97003263C9 /* Products */ = {
			isa = PBXGroup;
			children = (
				EBE7065C1E885E97003263C9 /* SplitView.app */,
			);
			name = Products;
			sourceTree = "<group>";
		};
		EBE7065E1E885E97003263C9 /* SplitView */ = {
			isa = PBXGroup;
			children = (
				EBE7065F1E885E97003263C9 /* AppDelegate.swift */,
				EBE706611E885E97003263C9 /* ViewController.swift */,
				EBE706631E885E97003263C9 /* Main.storyboard */,
				EBE706661E885E97003263C9 /* Assets.xcassets */,
				EBE706681E885E97003263C9 /* LaunchScreen.storyboard */,
				EBE7066B1E885E97003263C9 /* Info.plist */,
				EBE706711E885F18003263C9 /* TableViewController.swift */,
			);
			path = SplitView;
			sourceTree = "<group>";
		};
/* End PBXGroup section */

/* Begin PBXNativeTarget section */
		EBE7065B1E885E97003263C9 /* SplitView */ = {
			isa = PBXNativeTarget;
			buildConfigurationList = EBE7066E1E885E97003263C9 /* Build configuration list for PBXNativeTarget "SplitView" */;
			buildPhases = (
				EBE706581E885E97003263C9 /* Sources */,
				EBE706591E885E97003263C9 /* Frameworks */,
				EBE7065A1E885E97003263C9 /* Resources */,
			);
			buildRules = (
			);
			dependencies = (
			);
			name = SplitView;
			productName = SplitView;
			productReference = EBE7065C1E885E97003263C9 /* SplitView.app */;
			productType = "com.apple.product-type.application";
		};
/* End PBXNativeTarget section */

/* Begin PBXProject section */
		EBE706541E885E97003263C9 /* Project object */ = {
			isa = PBXProject;
			attributes = {
				LastSwiftUpdateCheck = 0820;
				LastUpgradeCheck = 0820;
				ORGANIZATIONNAME = garvankeeley;
				TargetAttributes = {
					EBE7065B1E885E97003263C9 = {
						CreatedOnToolsVersion = 8.2.1;
						ProvisioningStyle = Automatic;
					};
				};
			};
			buildConfigurationList = EBE706571E885E97003263C9 /* Build configuration list for PBXProject "SplitView" */;
			compatibilityVersion = "Xcode 3.2";
			developmentRegion = English;
			hasScannedForEncodings = 0;
			knownRegions = (
				en,
				Base,
			);
			mainGroup = EBE706531E885E97003263C9;
			productRefGroup = EBE7065D1E885E97003263C9 /* Products */;
			projectDirPath = "";
			projectRoot = "";
			targets = (
				EBE7065B1E885E97003263C9 /* SplitView */,
			);
		};
/* End PBXProject section */

/* Begin PBXResourcesBuildPhase section */
		EBE7065A1E885E97003263C9 /* Resources */ = {
			isa = PBXResourcesBuildPhase;
			buildActionMask = 2147483647;
			files = (
				EBE7066A1E885E97003263C9 /* LaunchScreen.storyboard in Resources */,
				EBE706671E885E97003263C9 /* Assets.xcassets in Resources */,
				EBE706651E885E97003263C9 /* Main.storyboard in Resources */,
			);
			runOnlyForDeploymentPostprocessing = 0;
		};
/* End PBXResourcesBuildPhase section */

/* Begin PBXSourcesBuildPhase section */
		EBE706581E885E97003263C9 /* Sources */ = {
			isa = PBXSourcesBuildPhase;
			buildActionMask = 2147483647;
			files = (
				EBE706621E885E97003263C9 /* ViewController.swift in Sources */,
				EBE706721E885F18003263C9 /* TableViewController.swift in Sources */,
				EBE706601E885E97003263C9 /* AppDelegate.swift in Sources */,
			);
			runOnlyForDeploymentPostprocessing = 0;
		};
/* End PBXSourcesBuildPhase section */

/* Begin PBXVariantGroup section */
		EBE706631E885E97003263C9 /* Main.storyboard */ = {
			isa = PBXVariantGroup;
			children = (
				EBE706641E885E97003263C9 /* Base */,
			);
			name = Main.storyboard;
			sourceTree = "<group>";
		};
		EBE706681E885E97003263C9 /* LaunchScreen.storyboard */ = {
			isa = PBXVariantGroup;
			children = (
				EBE706691E885E97003263C9 /* Base */,
			);
			name = LaunchScreen.storyboard;
			sourceTree = "<group>";
		};
/* End PBXVariantGroup section */

/* Begin XCBuildConfiguration section */
		EBE7066C1E885E97003263C9 /* Debug */ = {
			isa = XCBuildConfiguration;
			buildSettings = {
				ALWAYS_SEARCH_USER_PATHS = NO;
				CLANG_ANALYZER_NONNULL = YES;
				CLANG_CXX_LANGUAGE_STANDARD = "gnu++0x";
				CLANG_CXX_LIBRARY = "libc++";
				CLANG_ENABLE_MODULES = YES;
				CLANG_ENABLE_OBJC_ARC = YES;
				CLANG_WARN_BOOL_CONVERSION = YES;
				CLANG_WARN_CONSTANT_CONVERSION = YES;
				CLANG_WARN_DIRECT_OBJC_ISA_USAGE = YES_ERROR;
				CLANG_WARN_DOCUMENTATION_COMMENTS = YES;
				CLANG_WARN_EMPTY_BODY = YES;
				CLANG_WARN_ENUM_CONVERSION = YES;
				CLANG_WARN_INFINITE_RECURSION = YES;
				CLANG_WARN_INT_CONVERSION = YES;
				CLANG_WARN_OBJC_ROOT_CLASS = YES_ERROR;
				CLANG_WARN_SUSPICIOUS_MOVE = YES;
				CLANG_WARN_UNREACHABLE_CODE = YES;
				CLANG_WARN__DUPLICATE_METHOD_MATCH = YES;
				"CODE_SIGN_IDENTITY[sdk=iphoneos*]" = "iPhone Developer";
				COPY_PHASE_STRIP = NO;
				DEBUG_INFORMATION_FORMAT = dwarf;
				ENABLE_STRICT_OBJC_MSGSEND = YES;
				ENABLE_TESTABILITY = YES;
				GCC_C_LANGUAGE_STANDARD = gnu99;
				GCC_DYNAMIC_NO_PIC = NO;
				GCC_NO_COMMON_BLOCKS = YES;
				GCC_OPTIMIZATION_LEVEL = 0;
				GCC_PREPROCESSOR_DEFINITIONS = (
					"DEBUG=1",
					"$(inherited)",
				);
				GCC_WARN_64_TO_32_BIT_CONVERSION = YES;
				GCC_WARN_ABOUT_RETURN_TYPE = YES_ERROR;
				GCC_WARN_UNDECLARED_SELECTOR = YES;
				GCC_WARN_UNINITIALIZED_AUTOS = YES_AGGRESSIVE;
				GCC_WARN_UNUSED_FUNCTION = YES;
				GCC_WARN_UNUSED_VARIABLE = YES;
				IPHONEOS_DEPLOYMENT_TARGET = 10.2;
				MTL_ENABLE_DEBUG_INFO = YES;
				ONLY_ACTIVE_ARCH = YES;
				SDKROOT = iphoneos;
				SWIFT_ACTIVE_COMPILATION_CONDITIONS = DEBUG;
				SWIFT_OPTIMIZATION_LEVEL = "-Onone";
				TARGETED_DEVICE_FAMILY = "1,2";
			};
			name = Debug;
		};
		EBE7066D1E885E97003263C9 /* Release */ = {
			isa = XCBuildConfiguration;
			buildSettings = {
				ALWAYS_SEARCH_USER_PATHS = NO;
				CLANG_ANALYZER_NONNULL = YES;
				CLANG_CXX_LANGUAGE_STANDARD = "gnu++0x";
				CLANG_CXX_LIBRARY = "libc++";
				CLANG_ENABLE_MODULES = YES;
				CLANG_ENABLE_OBJC_ARC = YES;
				CLANG_WARN_BOOL_CONVERSION = YES;
				CLANG_WARN_CONSTANT_CONVERSION = YES;
				CLANG_WARN_DIRECT_OBJC_ISA_USAGE = YES_ERROR;
				CLANG_WARN_DOCUMENTATION_COMMENTS = YES;
				CLANG_WARN_EMPTY_BODY = YES;
				CLANG_WARN_ENUM_CONVERSION = YES;
				CLANG_WARN_INFINITE_RECURSION = YES;
				CLANG_WARN_INT_CONVERSION = YES;
				CLANG_WARN_OBJC_ROOT_CLASS = YES_ERROR;
				CLANG_WARN_SUSPICIOUS_MOVE = YES;
				CLANG_WARN_UNREACHABLE_CODE = YES;
				CLANG_WARN__DUPLICATE_METHOD_MATCH = YES;
				"CODE_SIGN_IDENTITY[sdk=iphoneos*]" = "iPhone Developer";
				COPY_PHASE_STRIP = NO;
				DEBUG_INFORMATION_FORMAT = "dwarf-with-dsym";
				ENABLE_NS_ASSERTIONS = NO;
				ENABLE_STRICT_OBJC_MSGSEND = YES;
				GCC_C_LANGUAGE_STANDARD = gnu99;
				GCC_NO_COMMON_BLOCKS = YES;
				GCC_WARN_64_TO_32_BIT_CONVERSION = YES;
				GCC_WARN_ABOUT_RETURN_TYPE = YES_ERROR;
				GCC_WARN_UNDECLARED_SELECTOR = YES;
				GCC_WARN_UNINITIALIZED_AUTOS = YES_AGGRESSIVE;
				GCC_WARN_UNUSED_FUNCTION = YES;
				GCC_WARN_UNUSED_VARIABLE = YES;
				IPHONEOS_DEPLOYMENT_TARGET = 10.2;
				MTL_ENABLE_DEBUG_INFO = NO;
				SDKROOT = iphoneos;
				SWIFT_OPTIMIZATION_LEVEL = "-Owholemodule";
				TARGETED_DEVICE_FAMILY = "1,2";
				VALIDATE_PRODUCT = YES;
			};
			name = Release;
		};
		EBE7066F1E885E97003263C9 /* Debug */ = {
			isa = XCBuildConfiguration;
			buildSettings = {
				ASSETCATALOG_COMPILER_APPICON_NAME = AppIcon;
				INFOPLIST_FILE = SplitView/Info.plist;
				LD_RUNPATH_SEARCH_PATHS = "$(inherited) @executable_path/Frameworks";
				PRODUCT_BUNDLE_IDENTIFIER = garvankeeley.org.SplitView;
				PRODUCT_NAME = "$(TARGET_NAME)";
				SWIFT_VERSION = 3.0;
			};
			name = Debug;
		};
		EBE706701E885E97003263C9 /* Release */ = {
			isa = XCBuildConfiguration;
			buildSettings = {
				ASSETCATALOG_COMPILER_APPICON_NAME = AppIcon;
				INFOPLIST_FILE = SplitView/Info.plist;
				LD_RUNPATH_SEARCH_PATHS = "$(inherited) @executable_path/Frameworks";
				PRODUCT_BUNDLE_IDENTIFIER = garvankeeley.org.SplitView;
				PRODUCT_NAME = "$(TARGET_NAME)";
				SWIFT_VERSION = 3.0;
			};
			name = Release;
		};
/* End XCBuildConfiguration section */

/* Begin XCConfigurationList section */
		EBE706571E885E97003263C9 /* Build configuration list for PBXProject "SplitView" */ = {
			isa = XCConfigurationList;
			buildConfigurations = (
				EBE7066C1E885E97003263C9 /* Debug */,
				EBE7066D1E885E97003263C9 /* Release */,
			);
			defaultConfigurationIsVisible = 0;
			defaultConfigurationName = Release;
		};
		EBE7066E1E885E97003263C9 /* Build configuration list for PBXNativeTarget "SplitView" */ = {
			isa = XCConfigurationList;
			buildConfigurations = (
				EBE7066F1E885E97003263C9 /* Debug */,
				EBE706701E885E97003263C9 /* Release */,
			);
			defaultConfigurationIsVisible = 0;
		};
/* End XCConfigurationList section */
	};
	rootObject = EBE706541E885E97003263C9 /* Project object */;
}
