// !$*UTF8*$!
{
	archiveVersion = 1;
	classes = {
	};
	objectVersion = 46;
	objects = {

/* Begin PBXBuildFile section */
		EBF623B51E2DA7CC00CCEAAB /* AppDelegate.swift in Sources */ = {isa = PBXBuildFile; fileRef = EBF623AC1E2DA7CC00CCEAAB /* AppDelegate.swift */; };
		EBF623B61E2DA7CC00CCEAAB /* Assets.xcassets in Resources */ = {isa = PBXBuildFile; fileRef = EBF623AD1E2DA7CC00CCEAAB /* Assets.xcassets */; };
		EBF623B71E2DA7CC00CCEAAB /* LaunchScreen.storyboard in Resources */ = {isa = PBXBuildFile; fileRef = EBF623AF1E2DA7CC00CCEAAB /* LaunchScreen.storyboard */; };
		EBF623B81E2DA7CC00CCEAAB /* Main.storyboard in Resources */ = {isa = PBXBuildFile; fileRef = EBF623B11E2DA7CC00CCEAAB /* Main.storyboard */; };
		EBF623B91E2DA7CC00CCEAAB /* Info.plist in Resources */ = {isa = PBXBuildFile; fileRef = EBF623B31E2DA7CC00CCEAAB /* Info.plist */; };
		EBF623BA1E2DA7CC00CCEAAB /* ViewController.swift in Sources */ = {isa = PBXBuildFile; fileRef = EBF623B41E2DA7CC00CCEAAB /* ViewController.swift */; };
/* End PBXBuildFile section */

/* Begin PBXFileReference section */
		EBF623AC1E2DA7CC00CCEAAB /* AppDelegate.swift */ = {isa = PBXFileReference; fileEncoding = 4; lastKnownFileType = sourcecode.swift; path = AppDelegate.swift; sourceTree = "<group>"; };
		EBF623AD1E2DA7CC00CCEAAB /* Assets.xcassets */ = {isa = PBXFileReference; lastKnownFileType = folder.assetcatalog; path = Assets.xcassets; sourceTree = "<group>"; };
		EBF623B01E2DA7CC00CCEAAB /* Base */ = {isa = PBXFileReference; lastKnownFileType = file.storyboard; name = Base; path = LaunchScreen.storyboard; sourceTree = "<group>"; };
		EBF623B21E2DA7CC00CCEAAB /* Base */ = {isa = PBXFileReference; lastKnownFileType = file.storyboard; name = Base; path = Main.storyboard; sourceTree = "<group>"; };
		EBF623B31E2DA7CC00CCEAAB /* Info.plist */ = {isa = PBXFileReference; fileEncoding = 4; lastKnownFileType = text.plist.xml; path = Info.plist; sourceTree = "<group>"; };
		EBF623B41E2DA7CC00CCEAAB /* ViewController.swift */ = {isa = PBXFileReference; fileEncoding = 4; lastKnownFileType = sourcecode.swift; path = ViewController.swift; sourceTree = "<group>"; };
		EBF6426D1E29EA1E008DA492 /* ActionsAndOutlets.app */ = {isa = PBXFileReference; explicitFileType = wrapper.application; includeInIndex = 0; path = ActionsAndOutlets.app; sourceTree = BUILT_PRODUCTS_DIR; };
/* End PBXFileReference section */

/* Begin PBXFrameworksBuildPhase section */
		EBF6426A1E29EA1E008DA492 /* Frameworks */ = {
			isa = PBXFrameworksBuildPhase;
			buildActionMask = 2147483647;
			files = (
			);
			runOnlyForDeploymentPostprocessing = 0;
		};
/* End PBXFrameworksBuildPhase section */

/* Begin PBXGroup section */
		EBF623AE1E2DA7CC00CCEAAB /* Base.lproj */ = {
			isa = PBXGroup;
			children = (
				EBF623AF1E2DA7CC00CCEAAB /* LaunchScreen.storyboard */,
				EBF623B11E2DA7CC00CCEAAB /* Main.storyboard */,
			);
			path = Base.lproj;
			sourceTree = "<group>";
		};
		EBF642641E29EA1E008DA492 = {
			isa = PBXGroup;
			children = (
				EBF623AC1E2DA7CC00CCEAAB /* AppDelegate.swift */,
				EBF623AD1E2DA7CC00CCEAAB /* Assets.xcassets */,
				EBF623AE1E2DA7CC00CCEAAB /* Base.lproj */,
				EBF623B31E2DA7CC00CCEAAB /* Info.plist */,
				EBF623B41E2DA7CC00CCEAAB /* ViewController.swift */,
				EBF6426E1E29EA1E008DA492 /* Products */,
			);
			sourceTree = "<group>";
		};
		EBF6426E1E29EA1E008DA492 /* Products */ = {
			isa = PBXGroup;
			children = (
				EBF6426D1E29EA1E008DA492 /* ActionsAndOutlets.app */,
			);
			name = Products;
			sourceTree = "<group>";
		};
/* End PBXGroup section */

/* Begin PBXNativeTarget section */
		EBF6426C1E29EA1E008DA492 /* ActionsAndOutlets */ = {
			isa = PBXNativeTarget;
			buildConfigurationList = EBF6427F1E29EA1E008DA492 /* Build configuration list for PBXNativeTarget "ActionsAndOutlets" */;
			buildPhases = (
				EBF642691E29EA1E008DA492 /* Sources */,
				EBF6426A1E29EA1E008DA492 /* Frameworks */,
				EBF6426B1E29EA1E008DA492 /* Resources */,
			);
			buildRules = (
			);
			dependencies = (
			);
			name = ActionsAndOutlets;
			productName = test1;
			productReference = EBF6426D1E29EA1E008DA492 /* ActionsAndOutlets.app */;
			productType = "com.apple.product-type.application";
		};
/* End PBXNativeTarget section */

/* Begin PBXProject section */
		EBF642651E29EA1E008DA492 /* Project object */ = {
			isa = PBXProject;
			attributes = {
				LastSwiftUpdateCheck = 0820;
				LastUpgradeCheck = 0820;
				ORGANIZATIONNAME = garvankeeley;
				TargetAttributes = {
					EBF6426C1E29EA1E008DA492 = {
						CreatedOnToolsVersion = 8.2.1;
						LastSwiftMigration = 0820;
						ProvisioningStyle = Automatic;
					};
				};
			};
			buildConfigurationList = EBF642681E29EA1E008DA492 /* Build configuration list for PBXProject "ActionsAndOutlets" */;
			compatibilityVersion = "Xcode 3.2";
			developmentRegion = English;
			hasScannedForEncodings = 0;
			knownRegions = (
				en,
				Base,
			);
			mainGroup = EBF642641E29EA1E008DA492;
			productRefGroup = EBF6426E1E29EA1E008DA492 /* Products */;
			projectDirPath = "";
			projectRoot = "";
			targets = (
				EBF6426C1E29EA1E008DA492 /* ActionsAndOutlets */,
			);
		};
/* End PBXProject section */

/* Begin PBXResourcesBuildPhase section */
		EBF6426B1E29EA1E008DA492 /* Resources */ = {
			isa = PBXResourcesBuildPhase;
			buildActionMask = 2147483647;
			files = (
				EBF623B91E2DA7CC00CCEAAB /* Info.plist in Resources */,
				EBF623B81E2DA7CC00CCEAAB /* Main.storyboard in Resources */,
				EBF623B61E2DA7CC00CCEAAB /* Assets.xcassets in Resources */,
				EBF623B71E2DA7CC00CCEAAB /* LaunchScreen.storyboard in Resources */,
			);
			runOnlyForDeploymentPostprocessing = 0;
		};
/* End PBXResourcesBuildPhase section */

/* Begin PBXSourcesBuildPhase section */
		EBF642691E29EA1E008DA492 /* Sources */ = {
			isa = PBXSourcesBuildPhase;
			buildActionMask = 2147483647;
			files = (
				EBF623BA1E2DA7CC00CCEAAB /* ViewController.swift in Sources */,
				EBF623B51E2DA7CC00CCEAAB /* AppDelegate.swift in Sources */,
			);
			runOnlyForDeploymentPostprocessing = 0;
		};
/* End PBXSourcesBuildPhase section */

/* Begin PBXVariantGroup section */
		EBF623AF1E2DA7CC00CCEAAB /* LaunchScreen.storyboard */ = {
			isa = PBXVariantGroup;
			children = (
				EBF623B01E2DA7CC00CCEAAB /* Base */,
			);
			name = LaunchScreen.storyboard;
			sourceTree = "<group>";
		};
		EBF623B11E2DA7CC00CCEAAB /* Main.storyboard */ = {
			isa = PBXVariantGroup;
			children = (
				EBF623B21E2DA7CC00CCEAAB /* Base */,
			);
			name = Main.storyboard;
			sourceTree = "<group>";
		};
/* End PBXVariantGroup section */

/* Begin XCBuildConfiguration section */
		EBF6427D1E29EA1E008DA492 /* Debug */ = {
			isa = XCBuildConfiguration;
			buildSettings = {
				ALWAYS_SEARCH_USER_PATHS = NO;
				CLANG_ANALYZER_NONNULL = YES;
				CLANG_CXX_LANGUAGE_STANDARD = "gnu++0x";
				CLANG_CXX_LIBRARY = "libc++";
				CLANG_ENABLE_MODULES = YES;
				CLANG_ENABLE_OBJC_ARC = YES;
				CLANG_WARN_BOOL_CONVERSION = YES;
				CLANG_WARN_CONSTANT_CONVERSION = YES;
				CLANG_WARN_DIRECT_OBJC_ISA_USAGE = YES_ERROR;
				CLANG_WARN_DOCUMENTATION_COMMENTS = YES;
				CLANG_WARN_EMPTY_BODY = YES;
				CLANG_WARN_ENUM_CONVERSION = YES;
				CLANG_WARN_INFINITE_RECURSION = YES;
				CLANG_WARN_INT_CONVERSION = YES;
				CLANG_WARN_OBJC_ROOT_CLASS = YES_ERROR;
				CLANG_WARN_SUSPICIOUS_MOVE = YES;
				CLANG_WARN_UNREACHABLE_CODE = YES;
				CLANG_WARN__DUPLICATE_METHOD_MATCH = YES;
				"CODE_SIGN_IDENTITY[sdk=iphoneos*]" = "iPhone Developer";
				COPY_PHASE_STRIP = NO;
				DEBUG_INFORMATION_FORMAT = dwarf;
				ENABLE_STRICT_OBJC_MSGSEND = YES;
				ENABLE_TESTABILITY = YES;
				GCC_C_LANGUAGE_STANDARD = gnu99;
				GCC_DYNAMIC_NO_PIC = NO;
				GCC_NO_COMMON_BLOCKS = YES;
				GCC_OPTIMIZATION_LEVEL = 0;
				GCC_PREPROCESSOR_DEFINITIONS = (
					"DEBUG=1",
					"$(inherited)",
				);
				GCC_WARN_64_TO_32_BIT_CONVERSION = YES;
				GCC_WARN_ABOUT_RETURN_TYPE = YES_ERROR;
				GCC_WARN_UNDECLARED_SELECTOR = YES;
				GCC_WARN_UNINITIALIZED_AUTOS = YES_AGGRESSIVE;
				GCC_WARN_UNUSED_FUNCTION = YES;
				GCC_WARN_UNUSED_VARIABLE = YES;
				IPHONEOS_DEPLOYMENT_TARGET = 10.2;
				MTL_ENABLE_DEBUG_INFO = YES;
				ONLY_ACTIVE_ARCH = YES;
				SDKROOT = iphoneos;
				SWIFT_ACTIVE_COMPILATION_CONDITIONS = DEBUG;
				SWIFT_OPTIMIZATION_LEVEL = "-Onone";
				TARGETED_DEVICE_FAMILY = "1,2";
			};
			name = Debug;
		};
		EBF6427E1E29EA1E008DA492 /* Release */ = {
			isa = XCBuildConfiguration;
			buildSettings = {
				ALWAYS_SEARCH_USER_PATHS = NO;
				CLANG_ANALYZER_NONNULL = YES;
				CLANG_CXX_LANGUAGE_STANDARD = "gnu++0x";
				CLANG_CXX_LIBRARY = "libc++";
				CLANG_ENABLE_MODULES = YES;
				CLANG_ENABLE_OBJC_ARC = YES;
				CLANG_WARN_BOOL_CONVERSION = YES;
				CLANG_WARN_CONSTANT_CONVERSION = YES;
				CLANG_WARN_DIRECT_OBJC_ISA_USAGE = YES_ERROR;
				CLANG_WARN_DOCUMENTATION_COMMENTS = YES;
				CLANG_WARN_EMPTY_BODY = YES;
				CLANG_WARN_ENUM_CONVERSION = YES;
				CLANG_WARN_INFINITE_RECURSION = YES;
				CLANG_WARN_INT_CONVERSION = YES;
				CLANG_WARN_OBJC_ROOT_CLASS = YES_ERROR;
				CLANG_WARN_SUSPICIOUS_MOVE = YES;
				CLANG_WARN_UNREACHABLE_CODE = YES;
				CLANG_WARN__DUPLICATE_METHOD_MATCH = YES;
				"CODE_SIGN_IDENTITY[sdk=iphoneos*]" = "iPhone Developer";
				COPY_PHASE_STRIP = NO;
				DEBUG_INFORMATION_FORMAT = "dwarf-with-dsym";
				ENABLE_NS_ASSERTIONS = NO;
				ENABLE_STRICT_OBJC_MSGSEND = YES;
				GCC_C_LANGUAGE_STANDARD = gnu99;
				GCC_NO_COMMON_BLOCKS = YES;
				GCC_WARN_64_TO_32_BIT_CONVERSION = YES;
				GCC_WARN_ABOUT_RETURN_TYPE = YES_ERROR;
				GCC_WARN_UNDECLARED_SELECTOR = YES;
				GCC_WARN_UNINITIALIZED_AUTOS = YES_AGGRESSIVE;
				GCC_WARN_UNUSED_FUNCTION = YES;
				GCC_WARN_UNUSED_VARIABLE = YES;
				IPHONEOS_DEPLOYMENT_TARGET = 10.2;
				MTL_ENABLE_DEBUG_INFO = NO;
				SDKROOT = iphoneos;
				SWIFT_OPTIMIZATION_LEVEL = "-Owholemodule";
				TARGETED_DEVICE_FAMILY = "1,2";
				VALIDATE_PRODUCT = YES;
			};
			name = Release;
		};
		EBF642801E29EA1E008DA492 /* Debug */ = {
			isa = XCBuildConfiguration;
			buildSettings = {
				ASSETCATALOG_COMPILER_APPICON_NAME = AppIcon;
				CLANG_ENABLE_MODULES = YES;
				INFOPLIST_FILE = Info.plist;
				LD_RUNPATH_SEARCH_PATHS = "$(inherited) @executable_path/Frameworks";
				PRODUCT_BUNDLE_IDENTIFIER = garvankeeley.org.test1;
				PRODUCT_NAME = "$(TARGET_NAME)";
				SWIFT_OPTIMIZATION_LEVEL = "-Onone";
				SWIFT_VERSION = 3.0;
			};
			name = Debug;
		};
		EBF642811E29EA1E008DA492 /* Release */ = {
			isa = XCBuildConfiguration;
			buildSettings = {
				ASSETCATALOG_COMPILER_APPICON_NAME = AppIcon;
				CLANG_ENABLE_MODULES = YES;
				INFOPLIST_FILE = Info.plist;
				LD_RUNPATH_SEARCH_PATHS = "$(inherited) @executable_path/Frameworks";
				PRODUCT_BUNDLE_IDENTIFIER = garvankeeley.org.test1;
				PRODUCT_NAME = "$(TARGET_NAME)";
				SWIFT_VERSION = 3.0;
			};
			name = Release;
		};
/* End XCBuildConfiguration section */

/* Begin XCConfigurationList section */
		EBF642681E29EA1E008DA492 /* Build configuration list for PBXProject "ActionsAndOutlets" */ = {
			isa = XCConfigurationList;
			buildConfigurations = (
				EBF6427D1E29EA1E008DA492 /* Debug */,
				EBF6427E1E29EA1E008DA492 /* Release */,
			);
			defaultConfigurationIsVisible = 0;
			defaultConfigurationName = Release;
		};
		EBF6427F1E29EA1E008DA492 /* Build configuration list for PBXNativeTarget "ActionsAndOutlets" */ = {
			isa = XCConfigurationList;
			buildConfigurations = (
				EBF642801E29EA1E008DA492 /* Debug */,
				EBF642811E29EA1E008DA492 /* Release */,
			);
			defaultConfigurationIsVisible = 0;
			defaultConfigurationName = Release;
		};
/* End XCConfigurationList section */
	};
	rootObject = EBF642651E29EA1E008DA492 /* Project object */;
}
